// !$*UTF8*$!
{
	archiveVersion = 1;
	classes = {
	};
	objectVersion = 48;
	objects = {

/* Begin PBXBuildFile section */
		072885582111DDFC00B99FB9 /* AppDelegate.swift in Sources */ = {isa = PBXBuildFile; fileRef = 072885572111DDFC00B99FB9 /* AppDelegate.swift */; };
		0728855A2111DDFC00B99FB9 /* ViewController.swift in Sources */ = {isa = PBXBuildFile; fileRef = 072885592111DDFC00B99FB9 /* ViewController.swift */; };
		0728855D2111DDFC00B99FB9 /* Main.storyboard in Resources */ = {isa = PBXBuildFile; fileRef = 0728855B2111DDFC00B99FB9 /* Main.storyboard */; };
		0728855F2111DDFD00B99FB9 /* Assets.xcassets in Resources */ = {isa = PBXBuildFile; fileRef = 0728855E2111DDFD00B99FB9 /* Assets.xcassets */; };
		072885622111DDFD00B99FB9 /* LaunchScreen.storyboard in Resources */ = {isa = PBXBuildFile; fileRef = 072885602111DDFD00B99FB9 /* LaunchScreen.storyboard */; };
		0728856D2111DDFD00B99FB9 /* Test_App_SDKsUITests.swift in Sources */ = {isa = PBXBuildFile; fileRef = 0728856C2111DDFD00B99FB9 /* Test_App_SDKsUITests.swift */; };
		072885782111DEB800B99FB9 /* BannerAd.swift in Sources */ = {isa = PBXBuildFile; fileRef = 072885772111DEB800B99FB9 /* BannerAd.swift */; };
		073A7CA12111E14000218DA8 /* ViewController2.swift in Sources */ = {isa = PBXBuildFile; fileRef = 073A7CA02111E14000218DA8 /* ViewController2.swift */; };
		073A7CA32111E3C800218DA8 /* Privacy.swift in Sources */ = {isa = PBXBuildFile; fileRef = 073A7CA22111E3C800218DA8 /* Privacy.swift */; };
		64ECE55776DEF3E40DEE8F98 /* Pods_Test_App_SDKsUITests.framework in Frameworks */ = {isa = PBXBuildFile; fileRef = 7A0CF9DAF10233CEC16AD06E /* Pods_Test_App_SDKsUITests.framework */; };
		F6130CBAE1C5CA44F8027DA6 /* Pods_Test_App_SDKs.framework in Frameworks */ = {isa = PBXBuildFile; fileRef = 25AD7BAE82E7AB809B19DB2F /* Pods_Test_App_SDKs.framework */; };
/* End PBXBuildFile section */

/* Begin PBXContainerItemProxy section */
		072885692111DDFD00B99FB9 /* PBXContainerItemProxy */ = {
			isa = PBXContainerItemProxy;
			containerPortal = 0728854C2111DDFC00B99FB9 /* Project object */;
			proxyType = 1;
			remoteGlobalIDString = 072885532111DDFC00B99FB9;
			remoteInfo = "Test-App-SDKs";
		};
/* End PBXContainerItemProxy section */

/* Begin PBXFileReference section */
		072885542111DDFC00B99FB9 /* Test-App-SDKs.app */ = {isa = PBXFileReference; explicitFileType = wrapper.application; includeInIndex = 0; path = "Test-App-SDKs.app"; sourceTree = BUILT_PRODUCTS_DIR; };
		072885572111DDFC00B99FB9 /* AppDelegate.swift */ = {isa = PBXFileReference; lastKnownFileType = sourcecode.swift; path = AppDelegate.swift; sourceTree = "<group>"; };
		072885592111DDFC00B99FB9 /* ViewController.swift */ = {isa = PBXFileReference; lastKnownFileType = sourcecode.swift; path = ViewController.swift; sourceTree = "<group>"; };
		0728855C2111DDFC00B99FB9 /* Base */ = {isa = PBXFileReference; lastKnownFileType = file.storyboard; name = Base; path = Base.lproj/Main.storyboard; sourceTree = "<group>"; };
		0728855E2111DDFD00B99FB9 /* Assets.xcassets */ = {isa = PBXFileReference; lastKnownFileType = folder.assetcatalog; path = Assets.xcassets; sourceTree = "<group>"; };
		072885612111DDFD00B99FB9 /* Base */ = {isa = PBXFileReference; lastKnownFileType = file.storyboard; name = Base; path = Base.lproj/LaunchScreen.storyboard; sourceTree = "<group>"; };
		072885632111DDFD00B99FB9 /* Info.plist */ = {isa = PBXFileReference; lastKnownFileType = text.plist.xml; path = Info.plist; sourceTree = "<group>"; };
		072885682111DDFD00B99FB9 /* Test-App-SDKsUITests.xctest */ = {isa = PBXFileReference; explicitFileType = wrapper.cfbundle; includeInIndex = 0; path = "Test-App-SDKsUITests.xctest"; sourceTree = BUILT_PRODUCTS_DIR; };
		0728856C2111DDFD00B99FB9 /* Test_App_SDKsUITests.swift */ = {isa = PBXFileReference; lastKnownFileType = sourcecode.swift; path = Test_App_SDKsUITests.swift; sourceTree = "<group>"; };
		0728856E2111DDFD00B99FB9 /* Info.plist */ = {isa = PBXFileReference; lastKnownFileType = text.plist.xml; path = Info.plist; sourceTree = "<group>"; };
		072885772111DEB800B99FB9 /* BannerAd.swift */ = {isa = PBXFileReference; fileEncoding = 4; lastKnownFileType = sourcecode.swift; path = BannerAd.swift; sourceTree = "<group>"; };
		073A7CA02111E14000218DA8 /* ViewController2.swift */ = {isa = PBXFileReference; lastKnownFileType = sourcecode.swift; path = ViewController2.swift; sourceTree = "<group>"; };
		073A7CA22111E3C800218DA8 /* Privacy.swift */ = {isa = PBXFileReference; lastKnownFileType = sourcecode.swift; path = Privacy.swift; sourceTree = "<group>"; };
		25AD7BAE82E7AB809B19DB2F /* Pods_Test_App_SDKs.framework */ = {isa = PBXFileReference; explicitFileType = wrapper.framework; includeInIndex = 0; path = Pods_Test_App_SDKs.framework; sourceTree = BUILT_PRODUCTS_DIR; };
		34DE5289E6DFE0E5B22DFCA6 /* Pods-Test-App-SDKsUITests.debug.xcconfig */ = {isa = PBXFileReference; includeInIndex = 1; lastKnownFileType = text.xcconfig; name = "Pods-Test-App-SDKsUITests.debug.xcconfig"; path = "Pods/Target Support Files/Pods-Test-App-SDKsUITests/Pods-Test-App-SDKsUITests.debug.xcconfig"; sourceTree = "<group>"; };
		7A0CF9DAF10233CEC16AD06E /* Pods_Test_App_SDKsUITests.framework */ = {isa = PBXFileReference; explicitFileType = wrapper.framework; includeInIndex = 0; path = Pods_Test_App_SDKsUITests.framework; sourceTree = BUILT_PRODUCTS_DIR; };
		AC559C11A844A00E57F0D247 /* Pods-Test-App-SDKsUITests.release.xcconfig */ = {isa = PBXFileReference; includeInIndex = 1; lastKnownFileType = text.xcconfig; name = "Pods-Test-App-SDKsUITests.release.xcconfig"; path = "Pods/Target Support Files/Pods-Test-App-SDKsUITests/Pods-Test-App-SDKsUITests.release.xcconfig"; sourceTree = "<group>"; };
		C7756FF20E157004B3A6EE14 /* Pods-Test-App-SDKs.debug.xcconfig */ = {isa = PBXFileReference; includeInIndex = 1; lastKnownFileType = text.xcconfig; name = "Pods-Test-App-SDKs.debug.xcconfig"; path = "Pods/Target Support Files/Pods-Test-App-SDKs/Pods-Test-App-SDKs.debug.xcconfig"; sourceTree = "<group>"; };
		F0A7B40716F4F0BE1F141967 /* Pods-Test-App-SDKs.release.xcconfig */ = {isa = PBXFileReference; includeInIndex = 1; lastKnownFileType = text.xcconfig; name = "Pods-Test-App-SDKs.release.xcconfig"; path = "Pods/Target Support Files/Pods-Test-App-SDKs/Pods-Test-App-SDKs.release.xcconfig"; sourceTree = "<group>"; };
/* End PBXFileReference section */

/* Begin PBXFrameworksBuildPhase section */
		072885512111DDFC00B99FB9 /* Frameworks */ = {
			isa = PBXFrameworksBuildPhase;
			buildActionMask = 2147483647;
			files = (
				F6130CBAE1C5CA44F8027DA6 /* Pods_Test_App_SDKs.framework in Frameworks */,
			);
			runOnlyForDeploymentPostprocessing = 0;
		};
		072885652111DDFD00B99FB9 /* Frameworks */ = {
			isa = PBXFrameworksBuildPhase;
			buildActionMask = 2147483647;
			files = (
				64ECE55776DEF3E40DEE8F98 /* Pods_Test_App_SDKsUITests.framework in Frameworks */,
			);
			runOnlyForDeploymentPostprocessing = 0;
		};
/* End PBXFrameworksBuildPhase section */

/* Begin PBXGroup section */
		001051B93E773F6C0BEFDD96 /* Frameworks */ = {
			isa = PBXGroup;
			children = (
				25AD7BAE82E7AB809B19DB2F /* Pods_Test_App_SDKs.framework */,
				7A0CF9DAF10233CEC16AD06E /* Pods_Test_App_SDKsUITests.framework */,
			);
			name = Frameworks;
			sourceTree = "<group>";
		};
		0728854B2111DDFC00B99FB9 = {
			isa = PBXGroup;
			children = (
				072885562111DDFC00B99FB9 /* Test-App-SDKs */,
				072885552111DDFC00B99FB9 /* Products */,
				0728856B2111DDFD00B99FB9 /* Test-App-SDKsUITests */,
				F604A78E82D2B992816DA00A /* Pods */,
				001051B93E773F6C0BEFDD96 /* Frameworks */,
			);
			sourceTree = "<group>";
		};
		072885552111DDFC00B99FB9 /* Products */ = {
			isa = PBXGroup;
			children = (
				072885542111DDFC00B99FB9 /* Test-App-SDKs.app */,
				072885682111DDFD00B99FB9 /* Test-App-SDKsUITests.xctest */,
			);
			name = Products;
			sourceTree = "<group>";
		};
		072885562111DDFC00B99FB9 /* Test-App-SDKs */ = {
			isa = PBXGroup;
			children = (
				072885572111DDFC00B99FB9 /* AppDelegate.swift */,
				072885592111DDFC00B99FB9 /* ViewController.swift */,
				073A7CA02111E14000218DA8 /* ViewController2.swift */,
				073A7CA22111E3C800218DA8 /* Privacy.swift */,
				072885772111DEB800B99FB9 /* BannerAd.swift */,
				0728855B2111DDFC00B99FB9 /* Main.storyboard */,
				0728855E2111DDFD00B99FB9 /* Assets.xcassets */,
				072885602111DDFD00B99FB9 /* LaunchScreen.storyboard */,
				072885632111DDFD00B99FB9 /* Info.plist */,
			);
			path = "Test-App-SDKs";
			sourceTree = "<group>";
		};
		0728856B2111DDFD00B99FB9 /* Test-App-SDKsUITests */ = {
			isa = PBXGroup;
			children = (
				0728856C2111DDFD00B99FB9 /* Test_App_SDKsUITests.swift */,
				0728856E2111DDFD00B99FB9 /* Info.plist */,
			);
			path = "Test-App-SDKsUITests";
			sourceTree = "<group>";
		};
		F604A78E82D2B992816DA00A /* Pods */ = {
			isa = PBXGroup;
			children = (
				C7756FF20E157004B3A6EE14 /* Pods-Test-App-SDKs.debug.xcconfig */,
				F0A7B40716F4F0BE1F141967 /* Pods-Test-App-SDKs.release.xcconfig */,
				34DE5289E6DFE0E5B22DFCA6 /* Pods-Test-App-SDKsUITests.debug.xcconfig */,
				AC559C11A844A00E57F0D247 /* Pods-Test-App-SDKsUITests.release.xcconfig */,
			);
			name = Pods;
			sourceTree = "<group>";
		};
/* End PBXGroup section */

/* Begin PBXNativeTarget section */
		072885532111DDFC00B99FB9 /* Test-App-SDKs */ = {
			isa = PBXNativeTarget;
			buildConfigurationList = 072885712111DDFD00B99FB9 /* Build configuration list for PBXNativeTarget "Test-App-SDKs" */;
			buildPhases = (
				4ADBC1E1437A55C7440FDB04 /* [CP] Check Pods Manifest.lock */,
				072885502111DDFC00B99FB9 /* Sources */,
				072885512111DDFC00B99FB9 /* Frameworks */,
				072885522111DDFC00B99FB9 /* Resources */,
				07D7F630E48E9C240C6478C1 /* [CP] Embed Pods Frameworks */,
			);
			buildRules = (
			);
			dependencies = (
			);
			name = "Test-App-SDKs";
			productName = "Test-App-SDKs";
			productReference = 072885542111DDFC00B99FB9 /* Test-App-SDKs.app */;
			productType = "com.apple.product-type.application";
		};
		072885672111DDFD00B99FB9 /* Test-App-SDKsUITests */ = {
			isa = PBXNativeTarget;
			buildConfigurationList = 072885742111DDFD00B99FB9 /* Build configuration list for PBXNativeTarget "Test-App-SDKsUITests" */;
			buildPhases = (
				074D062014443AA9B9818923 /* [CP] Check Pods Manifest.lock */,
				072885642111DDFD00B99FB9 /* Sources */,
				072885652111DDFD00B99FB9 /* Frameworks */,
				072885662111DDFD00B99FB9 /* Resources */,
			);
			buildRules = (
			);
			dependencies = (
				0728856A2111DDFD00B99FB9 /* PBXTargetDependency */,
			);
			name = "Test-App-SDKsUITests";
			productName = "Test-App-SDKsUITests";
			productReference = 072885682111DDFD00B99FB9 /* Test-App-SDKsUITests.xctest */;
			productType = "com.apple.product-type.bundle.ui-testing";
		};
/* End PBXNativeTarget section */

/* Begin PBXProject section */
		0728854C2111DDFC00B99FB9 /* Project object */ = {
			isa = PBXProject;
			attributes = {
				LastSwiftUpdateCheck = 0940;
				LastUpgradeCheck = 0940;
				ORGANIZATIONNAME = "SevenOne Media";
				TargetAttributes = {
					072885532111DDFC00B99FB9 = {
						CreatedOnToolsVersion = 9.4.1;
						ProvisioningStyle = Automatic;
					};
					072885672111DDFD00B99FB9 = {
						CreatedOnToolsVersion = 9.4.1;
						ProvisioningStyle = Automatic;
						TestTargetID = 072885532111DDFC00B99FB9;
					};
				};
			};
			buildConfigurationList = 0728854F2111DDFC00B99FB9 /* Build configuration list for PBXProject "Test-App-SDKs" */;
			compatibilityVersion = "Xcode 8.0";
			developmentRegion = en;
			hasScannedForEncodings = 0;
			knownRegions = (
				en,
				Base,
			);
			mainGroup = 0728854B2111DDFC00B99FB9;
			productRefGroup = 072885552111DDFC00B99FB9 /* Products */;
			projectDirPath = "";
			projectRoot = "";
			targets = (
				072885532111DDFC00B99FB9 /* Test-App-SDKs */,
				072885672111DDFD00B99FB9 /* Test-App-SDKsUITests */,
			);
		};
/* End PBXProject section */

/* Begin PBXResourcesBuildPhase section */
		072885522111DDFC00B99FB9 /* Resources */ = {
			isa = PBXResourcesBuildPhase;
			buildActionMask = 2147483647;
			files = (
				072885622111DDFD00B99FB9 /* LaunchScreen.storyboard in Resources */,
				0728855F2111DDFD00B99FB9 /* Assets.xcassets in Resources */,
				0728855D2111DDFC00B99FB9 /* Main.storyboard in Resources */,
			);
			runOnlyForDeploymentPostprocessing = 0;
		};
		072885662111DDFD00B99FB9 /* Resources */ = {
			isa = PBXResourcesBuildPhase;
			buildActionMask = 2147483647;
			files = (
			);
			runOnlyForDeploymentPostprocessing = 0;
		};
/* End PBXResourcesBuildPhase section */

/* Begin PBXShellScriptBuildPhase section */
		074D062014443AA9B9818923 /* [CP] Check Pods Manifest.lock */ = {
			isa = PBXShellScriptBuildPhase;
			buildActionMask = 2147483647;
			files = (
			);
			inputPaths = (
				"${PODS_PODFILE_DIR_PATH}/Podfile.lock",
				"${PODS_ROOT}/Manifest.lock",
			);
			name = "[CP] Check Pods Manifest.lock";
			outputPaths = (
				"$(DERIVED_FILE_DIR)/Pods-Test-App-SDKsUITests-checkManifestLockResult.txt",
			);
			runOnlyForDeploymentPostprocessing = 0;
			shellPath = /bin/sh;
			shellScript = "diff \"${PODS_PODFILE_DIR_PATH}/Podfile.lock\" \"${PODS_ROOT}/Manifest.lock\" > /dev/null\nif [ $? != 0 ] ; then\n    # print error to STDERR\n    echo \"error: The sandbox is not in sync with the Podfile.lock. Run 'pod install' or update your CocoaPods installation.\" >&2\n    exit 1\nfi\n# This output is used by Xcode 'outputs' to avoid re-running this script phase.\necho \"SUCCESS\" > \"${SCRIPT_OUTPUT_FILE_0}\"\n";
			showEnvVarsInLog = 0;
		};
		07D7F630E48E9C240C6478C1 /* [CP] Embed Pods Frameworks */ = {
			isa = PBXShellScriptBuildPhase;
			buildActionMask = 2147483647;
			files = (
			);
			inputPaths = (
				"${SRCROOT}/Pods/Target Support Files/Pods-Test-App-SDKs/Pods-Test-App-SDKs-frameworks.sh",
				"${BUILT_PRODUCTS_DIR}/SOMYieldProbeSDK/SOMYieldProbeSDK.framework",
				"${BUILT_PRODUCTS_DIR}/mopub-ios-sdk/MoPub.framework",
			);
			name = "[CP] Embed Pods Frameworks";
			outputPaths = (
				"${TARGET_BUILD_DIR}/${FRAMEWORKS_FOLDER_PATH}/SOMYieldProbeSDK.framework",
				"${TARGET_BUILD_DIR}/${FRAMEWORKS_FOLDER_PATH}/MoPub.framework",
			);
			runOnlyForDeploymentPostprocessing = 0;
			shellPath = /bin/sh;
			shellScript = "\"${SRCROOT}/Pods/Target Support Files/Pods-Test-App-SDKs/Pods-Test-App-SDKs-frameworks.sh\"\n";
			showEnvVarsInLog = 0;
		};
		4ADBC1E1437A55C7440FDB04 /* [CP] Check Pods Manifest.lock */ = {
			isa = PBXShellScriptBuildPhase;
			buildActionMask = 2147483647;
			files = (
			);
			inputPaths = (
				"${PODS_PODFILE_DIR_PATH}/Podfile.lock",
				"${PODS_ROOT}/Manifest.lock",
			);
			name = "[CP] Check Pods Manifest.lock";
			outputPaths = (
				"$(DERIVED_FILE_DIR)/Pods-Test-App-SDKs-checkManifestLockResult.txt",
			);
			runOnlyForDeploymentPostprocessing = 0;
			shellPath = /bin/sh;
			shellScript = "diff \"${PODS_PODFILE_DIR_PATH}/Podfile.lock\" \"${PODS_ROOT}/Manifest.lock\" > /dev/null\nif [ $? != 0 ] ; then\n    # print error to STDERR\n    echo \"error: The sandbox is not in sync with the Podfile.lock. Run 'pod install' or update your CocoaPods installation.\" >&2\n    exit 1\nfi\n# This output is used by Xcode 'outputs' to avoid re-running this script phase.\necho \"SUCCESS\" > \"${SCRIPT_OUTPUT_FILE_0}\"\n";
			showEnvVarsInLog = 0;
		};
/* End PBXShellScriptBuildPhase section */

/* Begin PBXSourcesBuildPhase section */
		072885502111DDFC00B99FB9 /* Sources */ = {
			isa = PBXSourcesBuildPhase;
			buildActionMask = 2147483647;
			files = (
				0728855A2111DDFC00B99FB9 /* ViewController.swift in Sources */,
				073A7CA32111E3C800218DA8 /* Privacy.swift in Sources */,
				073A7CA12111E14000218DA8 /* ViewController2.swift in Sources */,
				072885782111DEB800B99FB9 /* BannerAd.swift in Sources */,
				072885582111DDFC00B99FB9 /* AppDelegate.swift in Sources */,
			);
			runOnlyForDeploymentPostprocessing = 0;
		};
		072885642111DDFD00B99FB9 /* Sources */ = {
			isa = PBXSourcesBuildPhase;
			buildActionMask = 2147483647;
			files = (
				0728856D2111DDFD00B99FB9 /* Test_App_SDKsUITests.swift in Sources */,
			);
			runOnlyForDeploymentPostprocessing = 0;
		};
/* End PBXSourcesBuildPhase section */

/* Begin PBXTargetDependency section */
		0728856A2111DDFD00B99FB9 /* PBXTargetDependency */ = {
			isa = PBXTargetDependency;
			target = 072885532111DDFC00B99FB9 /* Test-App-SDKs */;
			targetProxy = 072885692111DDFD00B99FB9 /* PBXContainerItemProxy */;
		};
/* End PBXTargetDependency section */

/* Begin PBXVariantGroup section */
		0728855B2111DDFC00B99FB9 /* Main.storyboard */ = {
			isa = PBXVariantGroup;
			children = (
				0728855C2111DDFC00B99FB9 /* Base */,
			);
			name = Main.storyboard;
			sourceTree = "<group>";
		};
		072885602111DDFD00B99FB9 /* LaunchScreen.storyboard */ = {
			isa = PBXVariantGroup;
			children = (
				072885612111DDFD00B99FB9 /* Base */,
			);
			name = LaunchScreen.storyboard;
			sourceTree = "<group>";
		};
/* End PBXVariantGroup section */

/* Begin XCBuildConfiguration section */
		0728856F2111DDFD00B99FB9 /* Debug */ = {
			isa = XCBuildConfiguration;
			buildSettings = {
				ALWAYS_SEARCH_USER_PATHS = NO;
				CLANG_ANALYZER_NONNULL = YES;
				CLANG_ANALYZER_NUMBER_OBJECT_CONVERSION = YES_AGGRESSIVE;
				CLANG_CXX_LANGUAGE_STANDARD = "gnu++14";
				CLANG_CXX_LIBRARY = "libc++";
				CLANG_ENABLE_MODULES = YES;
				CLANG_ENABLE_OBJC_ARC = YES;
				CLANG_ENABLE_OBJC_WEAK = YES;
				CLANG_WARN_BLOCK_CAPTURE_AUTORELEASING = YES;
				CLANG_WARN_BOOL_CONVERSION = YES;
				CLANG_WARN_COMMA = YES;
				CLANG_WARN_CONSTANT_CONVERSION = YES;
				CLANG_WARN_DEPRECATED_OBJC_IMPLEMENTATIONS = YES;
				CLANG_WARN_DIRECT_OBJC_ISA_USAGE = YES_ERROR;
				CLANG_WARN_DOCUMENTATION_COMMENTS = YES;
				CLANG_WARN_EMPTY_BODY = YES;
				CLANG_WARN_ENUM_CONVERSION = YES;
				CLANG_WARN_INFINITE_RECURSION = YES;
				CLANG_WARN_INT_CONVERSION = YES;
				CLANG_WARN_NON_LITERAL_NULL_CONVERSION = YES;
				CLANG_WARN_OBJC_IMPLICIT_RETAIN_SELF = YES;
				CLANG_WARN_OBJC_LITERAL_CONVERSION = YES;
				CLANG_WARN_OBJC_ROOT_CLASS = YES_ERROR;
				CLANG_WARN_RANGE_LOOP_ANALYSIS = YES;
				CLANG_WARN_STRICT_PROTOTYPES = YES;
				CLANG_WARN_SUSPICIOUS_MOVE = YES;
				CLANG_WARN_UNGUARDED_AVAILABILITY = YES_AGGRESSIVE;
				CLANG_WARN_UNREACHABLE_CODE = YES;
				CLANG_WARN__DUPLICATE_METHOD_MATCH = YES;
				CODE_SIGN_IDENTITY = "iPhone Developer";
				COPY_PHASE_STRIP = NO;
				DEBUG_INFORMATION_FORMAT = dwarf;
				ENABLE_STRICT_OBJC_MSGSEND = YES;
				ENABLE_TESTABILITY = YES;
				GCC_C_LANGUAGE_STANDARD = gnu11;
				GCC_DYNAMIC_NO_PIC = NO;
				GCC_NO_COMMON_BLOCKS = YES;
				GCC_OPTIMIZATION_LEVEL = 0;
				GCC_PREPROCESSOR_DEFINITIONS = (
					"DEBUG=1",
					"$(inherited)",
				);
				GCC_WARN_64_TO_32_BIT_CONVERSION = YES;
				GCC_WARN_ABOUT_RETURN_TYPE = YES_ERROR;
				GCC_WARN_UNDECLARED_SELECTOR = YES;
				GCC_WARN_UNINITIALIZED_AUTOS = YES_AGGRESSIVE;
				GCC_WARN_UNUSED_FUNCTION = YES;
				GCC_WARN_UNUSED_VARIABLE = YES;
				IPHONEOS_DEPLOYMENT_TARGET = 11.4;
				MTL_ENABLE_DEBUG_INFO = YES;
				ONLY_ACTIVE_ARCH = YES;
				SDKROOT = iphoneos;
				SWIFT_ACTIVE_COMPILATION_CONDITIONS = DEBUG;
				SWIFT_OPTIMIZATION_LEVEL = "-Onone";
			};
			name = Debug;
		};
		072885702111DDFD00B99FB9 /* Release */ = {
			isa = XCBuildConfiguration;
			buildSettings = {
				ALWAYS_SEARCH_USER_PATHS = NO;
				CLANG_ANALYZER_NONNULL = YES;
				CLANG_ANALYZER_NUMBER_OBJECT_CONVERSION = YES_AGGRESSIVE;
				CLANG_CXX_LANGUAGE_STANDARD = "gnu++14";
				CLANG_CXX_LIBRARY = "libc++";
				CLANG_ENABLE_MODULES = YES;
				CLANG_ENABLE_OBJC_ARC = YES;
				CLANG_ENABLE_OBJC_WEAK = YES;
				CLANG_WARN_BLOCK_CAPTURE_AUTORELEASING = YES;
				CLANG_WARN_BOOL_CONVERSION = YES;
				CLANG_WARN_COMMA = YES;
				CLANG_WARN_CONSTANT_CONVERSION = YES;
				CLANG_WARN_DEPRECATED_OBJC_IMPLEMENTATIONS = YES;
				CLANG_WARN_DIRECT_OBJC_ISA_USAGE = YES_ERROR;
				CLANG_WARN_DOCUMENTATION_COMMENTS = YES;
				CLANG_WARN_EMPTY_BODY = YES;
				CLANG_WARN_ENUM_CONVERSION = YES;
				CLANG_WARN_INFINITE_RECURSION = YES;
				CLANG_WARN_INT_CONVERSION = YES;
				CLANG_WARN_NON_LITERAL_NULL_CONVERSION = YES;
				CLANG_WARN_OBJC_IMPLICIT_RETAIN_SELF = YES;
				CLANG_WARN_OBJC_LITERAL_CONVERSION = YES;
				CLANG_WARN_OBJC_ROOT_CLASS = YES_ERROR;
				CLANG_WARN_RANGE_LOOP_ANALYSIS = YES;
				CLANG_WARN_STRICT_PROTOTYPES = YES;
				CLANG_WARN_SUSPICIOUS_MOVE = YES;
				CLANG_WARN_UNGUARDED_AVAILABILITY = YES_AGGRESSIVE;
				CLANG_WARN_UNREACHABLE_CODE = YES;
				CLANG_WARN__DUPLICATE_METHOD_MATCH = YES;
				CODE_SIGN_IDENTITY = "iPhone Developer";
				COPY_PHASE_STRIP = NO;
				DEBUG_INFORMATION_FORMAT = "dwarf-with-dsym";
				ENABLE_NS_ASSERTIONS = NO;
				ENABLE_STRICT_OBJC_MSGSEND = YES;
				GCC_C_LANGUAGE_STANDARD = gnu11;
				GCC_NO_COMMON_BLOCKS = YES;
				GCC_WARN_64_TO_32_BIT_CONVERSION = YES;
				GCC_WARN_ABOUT_RETURN_TYPE = YES_ERROR;
				GCC_WARN_UNDECLARED_SELECTOR = YES;
				GCC_WARN_UNINITIALIZED_AUTOS = YES_AGGRESSIVE;
				GCC_WARN_UNUSED_FUNCTION = YES;
				GCC_WARN_UNUSED_VARIABLE = YES;
				IPHONEOS_DEPLOYMENT_TARGET = 11.4;
				MTL_ENABLE_DEBUG_INFO = NO;
				SDKROOT = iphoneos;
				SWIFT_OPTIMIZATION_LEVEL = "-Owholemodule";
				VALIDATE_PRODUCT = YES;
			};
			name = Release;
		};
		072885722111DDFD00B99FB9 /* Debug */ = {
			isa = XCBuildConfiguration;
			baseConfigurationReference = C7756FF20E157004B3A6EE14 /* Pods-Test-App-SDKs.debug.xcconfig */;
			buildSettings = {
				ASSETCATALOG_COMPILER_APPICON_NAME = AppIcon;
				CODE_SIGN_STYLE = Automatic;
				DEVELOPMENT_TEAM = 756GR9XF46;
				INFOPLIST_FILE = "Test-App-SDKs/Info.plist";
				LD_RUNPATH_SEARCH_PATHS = "$(inherited) @executable_path/Frameworks";
				PRODUCT_BUNDLE_IDENTIFIER = "SOM.Test-App-SDKs";
				PRODUCT_NAME = "$(TARGET_NAME)";
				SWIFT_VERSION = 4.0;
				TARGETED_DEVICE_FAMILY = "1,2";
			};
			name = Debug;
		};
		072885732111DDFD00B99FB9 /* Release */ = {
			isa = XCBuildConfiguration;
			baseConfigurationReference = F0A7B40716F4F0BE1F141967 /* Pods-Test-App-SDKs.release.xcconfig */;
			buildSettings = {
				ASSETCATALOG_COMPILER_APPICON_NAME = AppIcon;
				CODE_SIGN_STYLE = Automatic;
				DEVELOPMENT_TEAM = 756GR9XF46;
				INFOPLIST_FILE = "Test-App-SDKs/Info.plist";
				LD_RUNPATH_SEARCH_PATHS = "$(inherited) @executable_path/Frameworks";
				PRODUCT_BUNDLE_IDENTIFIER = "SOM.Test-App-SDKs";
				PRODUCT_NAME = "$(TARGET_NAME)";
				SWIFT_VERSION = 4.0;
				TARGETED_DEVICE_FAMILY = "1,2";
			};
			name = Release;
		};
		072885752111DDFD00B99FB9 /* Debug */ = {
			isa = XCBuildConfiguration;
			baseConfigurationReference = 34DE5289E6DFE0E5B22DFCA6 /* Pods-Test-App-SDKsUITests.debug.xcconfig */;
			buildSettings = {
				ALWAYS_EMBED_SWIFT_STANDARD_LIBRARIES = YES;
				CODE_SIGN_STYLE = Automatic;
				INFOPLIST_FILE = "Test-App-SDKsUITests/Info.plist";
				LD_RUNPATH_SEARCH_PATHS = "$(inherited) @executable_path/Frameworks @loader_path/Frameworks";
				PRODUCT_BUNDLE_IDENTIFIER = "SOM.Test-App-SDKsUITests";
				PRODUCT_NAME = "$(TARGET_NAME)";
				SWIFT_VERSION = 4.0;
				TARGETED_DEVICE_FAMILY = "1,2";
				TEST_TARGET_NAME = "Test-App-SDKs";
			};
			name = Debug;
		};
		072885762111DDFD00B99FB9 /* Release */ = {
			isa = XCBuildConfiguration;
			baseConfigurationReference = AC559C11A844A00E57F0D247 /* Pods-Test-App-SDKsUITests.release.xcconfig */;
			buildSettings = {
				ALWAYS_EMBED_SWIFT_STANDARD_LIBRARIES = YES;
				CODE_SIGN_STYLE = Automatic;
				INFOPLIST_FILE = "Test-App-SDKsUITests/Info.plist";
				LD_RUNPATH_SEARCH_PATHS = "$(inherited) @executable_path/Frameworks @loader_path/Frameworks";
				PRODUCT_BUNDLE_IDENTIFIER = "SOM.Test-App-SDKsUITests";
				PRODUCT_NAME = "$(TARGET_NAME)";
				SWIFT_VERSION = 4.0;
				TARGETED_DEVICE_FAMILY = "1,2";
				TEST_TARGET_NAME = "Test-App-SDKs";
			};
			name = Release;
		};
/* End XCBuildConfiguration section */

/* Begin XCConfigurationList section */
		0728854F2111DDFC00B99FB9 /* Build configuration list for PBXProject "Test-App-SDKs" */ = {
			isa = XCConfigurationList;
			buildConfigurations = (
				0728856F2111DDFD00B99FB9 /* Debug */,
				072885702111DDFD00B99FB9 /* Release */,
			);
			defaultConfigurationIsVisible = 0;
			defaultConfigurationName = Release;
		};
		072885712111DDFD00B99FB9 /* Build configuration list for PBXNativeTarget "Test-App-SDKs" */ = {
			isa = XCConfigurationList;
			buildConfigurations = (
				072885722111DDFD00B99FB9 /* Debug */,
				072885732111DDFD00B99FB9 /* Release */,
			);
			defaultConfigurationIsVisible = 0;
			defaultConfigurationName = Release;
		};
		072885742111DDFD00B99FB9 /* Build configuration list for PBXNativeTarget "Test-App-SDKsUITests" */ = {
			isa = XCConfigurationList;
			buildConfigurations = (
				072885752111DDFD00B99FB9 /* Debug */,
				072885762111DDFD00B99FB9 /* Release */,
			);
			defaultConfigurationIsVisible = 0;
			defaultConfigurationName = Release;
		};
/* End XCConfigurationList section */
	};
	rootObject = 0728854C2111DDFC00B99FB9 /* Project object */;
}
