// !$*UTF8*$!
{
	archiveVersion = 1;
	classes = {
	};
	objectVersion = 50;
	objects = {

/* Begin PBXBuildFile section */
		07DC68162111D68900472ABE /* AppDelegate.swift in Sources */ = {isa = PBXBuildFile; fileRef = 07DC68152111D68900472ABE /* AppDelegate.swift */; };
		07DC68182111D68900472ABE /* ViewController.swift in Sources */ = {isa = PBXBuildFile; fileRef = 07DC68172111D68900472ABE /* ViewController.swift */; };
		07DC681B2111D68900472ABE /* Main.storyboard in Resources */ = {isa = PBXBuildFile; fileRef = 07DC68192111D68900472ABE /* Main.storyboard */; };
		07DC681D2111D68B00472ABE /* Assets.xcassets in Resources */ = {isa = PBXBuildFile; fileRef = 07DC681C2111D68B00472ABE /* Assets.xcassets */; };
		07DC68202111D68B00472ABE /* LaunchScreen.storyboard in Resources */ = {isa = PBXBuildFile; fileRef = 07DC681E2111D68B00472ABE /* LaunchScreen.storyboard */; };
		07DC682B2111D68B00472ABE /* Test_App_SDKsUITests.swift in Sources */ = {isa = PBXBuildFile; fileRef = 07DC682A2111D68B00472ABE /* Test_App_SDKsUITests.swift */; };
/* End PBXBuildFile section */

/* Begin PBXContainerItemProxy section */
		07DC68272111D68B00472ABE /* PBXContainerItemProxy */ = {
			isa = PBXContainerItemProxy;
			containerPortal = 07DC680A2111D68900472ABE /* Project object */;
			proxyType = 1;
			remoteGlobalIDString = 07DC68112111D68900472ABE;
			remoteInfo = "Test-App-SDKs";
		};
/* End PBXContainerItemProxy section */

/* Begin PBXFileReference section */
		07DC68122111D68900472ABE /* Test-App-SDKs.app */ = {isa = PBXFileReference; explicitFileType = wrapper.application; includeInIndex = 0; path = "Test-App-SDKs.app"; sourceTree = BUILT_PRODUCTS_DIR; };
		07DC68152111D68900472ABE /* AppDelegate.swift */ = {isa = PBXFileReference; lastKnownFileType = sourcecode.swift; path = AppDelegate.swift; sourceTree = "<group>"; };
		07DC68172111D68900472ABE /* ViewController.swift */ = {isa = PBXFileReference; lastKnownFileType = sourcecode.swift; path = ViewController.swift; sourceTree = "<group>"; };
		07DC681A2111D68900472ABE /* Base */ = {isa = PBXFileReference; lastKnownFileType = file.storyboard; name = Base; path = Base.lproj/Main.storyboard; sourceTree = "<group>"; };
		07DC681C2111D68B00472ABE /* Assets.xcassets */ = {isa = PBXFileReference; lastKnownFileType = folder.assetcatalog; path = Assets.xcassets; sourceTree = "<group>"; };
		07DC681F2111D68B00472ABE /* Base */ = {isa = PBXFileReference; lastKnownFileType = file.storyboard; name = Base; path = Base.lproj/LaunchScreen.storyboard; sourceTree = "<group>"; };
		07DC68212111D68B00472ABE /* Info.plist */ = {isa = PBXFileReference; lastKnownFileType = text.plist.xml; path = Info.plist; sourceTree = "<group>"; };
		07DC68262111D68B00472ABE /* Test-App-SDKsUITests.xctest */ = {isa = PBXFileReference; explicitFileType = wrapper.cfbundle; includeInIndex = 0; path = "Test-App-SDKsUITests.xctest"; sourceTree = BUILT_PRODUCTS_DIR; };
		07DC682A2111D68B00472ABE /* Test_App_SDKsUITests.swift */ = {isa = PBXFileReference; lastKnownFileType = sourcecode.swift; path = Test_App_SDKsUITests.swift; sourceTree = "<group>"; };
		07DC682C2111D68B00472ABE /* Info.plist */ = {isa = PBXFileReference; lastKnownFileType = text.plist.xml; path = Info.plist; sourceTree = "<group>"; };
/* End PBXFileReference section */

/* Begin PBXFrameworksBuildPhase section */
		07DC680F2111D68900472ABE /* Frameworks */ = {
			isa = PBXFrameworksBuildPhase;
			buildActionMask = 2147483647;
			files = (
			);
			runOnlyForDeploymentPostprocessing = 0;
		};
		07DC68232111D68B00472ABE /* Frameworks */ = {
			isa = PBXFrameworksBuildPhase;
			buildActionMask = 2147483647;
			files = (
			);
			runOnlyForDeploymentPostprocessing = 0;
		};
/* End PBXFrameworksBuildPhase section */

/* Begin PBXGroup section */
		07DC68092111D68900472ABE = {
			isa = PBXGroup;
			children = (
				07DC68142111D68900472ABE /* Test-App-SDKs */,
				07DC68292111D68B00472ABE /* Test-App-SDKsUITests */,
				07DC68132111D68900472ABE /* Products */,
			);
			sourceTree = "<group>";
		};
		07DC68132111D68900472ABE /* Products */ = {
			isa = PBXGroup;
			children = (
				07DC68122111D68900472ABE /* Test-App-SDKs.app */,
				07DC68262111D68B00472ABE /* Test-App-SDKsUITests.xctest */,
			);
			name = Products;
			sourceTree = "<group>";
		};
		07DC68142111D68900472ABE /* Test-App-SDKs */ = {
			isa = PBXGroup;
			children = (
				07DC68152111D68900472ABE /* AppDelegate.swift */,
				07DC68172111D68900472ABE /* ViewController.swift */,
				07DC68192111D68900472ABE /* Main.storyboard */,
				07DC681C2111D68B00472ABE /* Assets.xcassets */,
				07DC681E2111D68B00472ABE /* LaunchScreen.storyboard */,
				07DC68212111D68B00472ABE /* Info.plist */,
			);
			path = "Test-App-SDKs";
			sourceTree = "<group>";
		};
		07DC68292111D68B00472ABE /* Test-App-SDKsUITests */ = {
			isa = PBXGroup;
			children = (
				07DC682A2111D68B00472ABE /* Test_App_SDKsUITests.swift */,
				07DC682C2111D68B00472ABE /* Info.plist */,
			);
			path = "Test-App-SDKsUITests";
			sourceTree = "<group>";
		};
/* End PBXGroup section */

/* Begin PBXNativeTarget section */
		07DC68112111D68900472ABE /* Test-App-SDKs */ = {
			isa = PBXNativeTarget;
			buildConfigurationList = 07DC682F2111D68B00472ABE /* Build configuration list for PBXNativeTarget "Test-App-SDKs" */;
			buildPhases = (
				07DC680E2111D68900472ABE /* Sources */,
				07DC680F2111D68900472ABE /* Frameworks */,
				07DC68102111D68900472ABE /* Resources */,
			);
			buildRules = (
			);
			dependencies = (
			);
			name = "Test-App-SDKs";
			productName = "Test-App-SDKs";
			productReference = 07DC68122111D68900472ABE /* Test-App-SDKs.app */;
			productType = "com.apple.product-type.application";
		};
		07DC68252111D68B00472ABE /* Test-App-SDKsUITests */ = {
			isa = PBXNativeTarget;
			buildConfigurationList = 07DC68322111D68B00472ABE /* Build configuration list for PBXNativeTarget "Test-App-SDKsUITests" */;
			buildPhases = (
				07DC68222111D68B00472ABE /* Sources */,
				07DC68232111D68B00472ABE /* Frameworks */,
				07DC68242111D68B00472ABE /* Resources */,
			);
			buildRules = (
			);
			dependencies = (
				07DC68282111D68B00472ABE /* PBXTargetDependency */,
			);
			name = "Test-App-SDKsUITests";
			productName = "Test-App-SDKsUITests";
			productReference = 07DC68262111D68B00472ABE /* Test-App-SDKsUITests.xctest */;
			productType = "com.apple.product-type.bundle.ui-testing";
		};
/* End PBXNativeTarget section */

/* Begin PBXProject section */
		07DC680A2111D68900472ABE /* Project object */ = {
			isa = PBXProject;
			attributes = {
				LastSwiftUpdateCheck = 0940;
				LastUpgradeCheck = 0940;
				ORGANIZATIONNAME = "SevenOne Media";
				TargetAttributes = {
					07DC68112111D68900472ABE = {
						CreatedOnToolsVersion = 9.4.1;
					};
					07DC68252111D68B00472ABE = {
						CreatedOnToolsVersion = 9.4.1;
						TestTargetID = 07DC68112111D68900472ABE;
					};
				};
			};
			buildConfigurationList = 07DC680D2111D68900472ABE /* Build configuration list for PBXProject "Test-App-SDKs" */;
			compatibilityVersion = "Xcode 9.3";
			developmentRegion = en;
			hasScannedForEncodings = 0;
			knownRegions = (
				en,
				Base,
			);
			mainGroup = 07DC68092111D68900472ABE;
			productRefGroup = 07DC68132111D68900472ABE /* Products */;
			projectDirPath = "";
			projectRoot = "";
			targets = (
				07DC68112111D68900472ABE /* Test-App-SDKs */,
				07DC68252111D68B00472ABE /* Test-App-SDKsUITests */,
			);
		};
/* End PBXProject section */

/* Begin PBXResourcesBuildPhase section */
		07DC68102111D68900472ABE /* Resources */ = {
			isa = PBXResourcesBuildPhase;
			buildActionMask = 2147483647;
			files = (
				07DC68202111D68B00472ABE /* LaunchScreen.storyboard in Resources */,
				07DC681D2111D68B00472ABE /* Assets.xcassets in Resources */,
				07DC681B2111D68900472ABE /* Main.storyboard in Resources */,
			);
			runOnlyForDeploymentPostprocessing = 0;
		};
		07DC68242111D68B00472ABE /* Resources */ = {
			isa = PBXResourcesBuildPhase;
			buildActionMask = 2147483647;
			files = (
			);
			runOnlyForDeploymentPostprocessing = 0;
		};
/* End PBXResourcesBuildPhase section */

/* Begin PBXSourcesBuildPhase section */
		07DC680E2111D68900472ABE /* Sources */ = {
			isa = PBXSourcesBuildPhase;
			buildActionMask = 2147483647;
			files = (
				07DC68182111D68900472ABE /* ViewController.swift in Sources */,
				07DC68162111D68900472ABE /* AppDelegate.swift in Sources */,
			);
			runOnlyForDeploymentPostprocessing = 0;
		};
		07DC68222111D68B00472ABE /* Sources */ = {
			isa = PBXSourcesBuildPhase;
			buildActionMask = 2147483647;
			files = (
				07DC682B2111D68B00472ABE /* Test_App_SDKsUITests.swift in Sources */,
			);
			runOnlyForDeploymentPostprocessing = 0;
		};
/* End PBXSourcesBuildPhase section */

/* Begin PBXTargetDependency section */
		07DC68282111D68B00472ABE /* PBXTargetDependency */ = {
			isa = PBXTargetDependency;
			target = 07DC68112111D68900472ABE /* Test-App-SDKs */;
			targetProxy = 07DC68272111D68B00472ABE /* PBXContainerItemProxy */;
		};
/* End PBXTargetDependency section */

/* Begin PBXVariantGroup section */
		07DC68192111D68900472ABE /* Main.storyboard */ = {
			isa = PBXVariantGroup;
			children = (
				07DC681A2111D68900472ABE /* Base */,
			);
			name = Main.storyboard;
			sourceTree = "<group>";
		};
		07DC681E2111D68B00472ABE /* LaunchScreen.storyboard */ = {
			isa = PBXVariantGroup;
			children = (
				07DC681F2111D68B00472ABE /* Base */,
			);
			name = LaunchScreen.storyboard;
			sourceTree = "<group>";
		};
/* End PBXVariantGroup section */

/* Begin XCBuildConfiguration section */
		07DC682D2111D68B00472ABE /* Debug */ = {
			isa = XCBuildConfiguration;
			buildSettings = {
				ALWAYS_SEARCH_USER_PATHS = NO;
				CLANG_ANALYZER_NONNULL = YES;
				CLANG_ANALYZER_NUMBER_OBJECT_CONVERSION = YES_AGGRESSIVE;
				CLANG_CXX_LANGUAGE_STANDARD = "gnu++14";
				CLANG_CXX_LIBRARY = "libc++";
				CLANG_ENABLE_MODULES = YES;
				CLANG_ENABLE_OBJC_ARC = YES;
				CLANG_ENABLE_OBJC_WEAK = YES;
				CLANG_WARN_BLOCK_CAPTURE_AUTORELEASING = YES;
				CLANG_WARN_BOOL_CONVERSION = YES;
				CLANG_WARN_COMMA = YES;
				CLANG_WARN_CONSTANT_CONVERSION = YES;
				CLANG_WARN_DEPRECATED_OBJC_IMPLEMENTATIONS = YES;
				CLANG_WARN_DIRECT_OBJC_ISA_USAGE = YES_ERROR;
				CLANG_WARN_DOCUMENTATION_COMMENTS = YES;
				CLANG_WARN_EMPTY_BODY = YES;
				CLANG_WARN_ENUM_CONVERSION = YES;
				CLANG_WARN_INFINITE_RECURSION = YES;
				CLANG_WARN_INT_CONVERSION = YES;
				CLANG_WARN_NON_LITERAL_NULL_CONVERSION = YES;
				CLANG_WARN_OBJC_IMPLICIT_RETAIN_SELF = YES;
				CLANG_WARN_OBJC_LITERAL_CONVERSION = YES;
				CLANG_WARN_OBJC_ROOT_CLASS = YES_ERROR;
				CLANG_WARN_RANGE_LOOP_ANALYSIS = YES;
				CLANG_WARN_STRICT_PROTOTYPES = YES;
				CLANG_WARN_SUSPICIOUS_MOVE = YES;
				CLANG_WARN_UNGUARDED_AVAILABILITY = YES_AGGRESSIVE;
				CLANG_WARN_UNREACHABLE_CODE = YES;
				CLANG_WARN__DUPLICATE_METHOD_MATCH = YES;
				CODE_SIGN_IDENTITY = "iPhone Developer";
				COPY_PHASE_STRIP = NO;
				DEBUG_INFORMATION_FORMAT = dwarf;
				ENABLE_STRICT_OBJC_MSGSEND = YES;
				ENABLE_TESTABILITY = YES;
				GCC_C_LANGUAGE_STANDARD = gnu11;
				GCC_DYNAMIC_NO_PIC = NO;
				GCC_NO_COMMON_BLOCKS = YES;
				GCC_OPTIMIZATION_LEVEL = 0;
				GCC_PREPROCESSOR_DEFINITIONS = (
					"DEBUG=1",
					"$(inherited)",
				);
				GCC_WARN_64_TO_32_BIT_CONVERSION = YES;
				GCC_WARN_ABOUT_RETURN_TYPE = YES_ERROR;
				GCC_WARN_UNDECLARED_SELECTOR = YES;
				GCC_WARN_UNINITIALIZED_AUTOS = YES_AGGRESSIVE;
				GCC_WARN_UNUSED_FUNCTION = YES;
				GCC_WARN_UNUSED_VARIABLE = YES;
				IPHONEOS_DEPLOYMENT_TARGET = 11.4;
				MTL_ENABLE_DEBUG_INFO = YES;
				ONLY_ACTIVE_ARCH = YES;
				SDKROOT = iphoneos;
				SWIFT_ACTIVE_COMPILATION_CONDITIONS = DEBUG;
				SWIFT_OPTIMIZATION_LEVEL = "-Onone";
			};
			name = Debug;
		};
		07DC682E2111D68B00472ABE /* Release */ = {
			isa = XCBuildConfiguration;
			buildSettings = {
				ALWAYS_SEARCH_USER_PATHS = NO;
				CLANG_ANALYZER_NONNULL = YES;
				CLANG_ANALYZER_NUMBER_OBJECT_CONVERSION = YES_AGGRESSIVE;
				CLANG_CXX_LANGUAGE_STANDARD = "gnu++14";
				CLANG_CXX_LIBRARY = "libc++";
				CLANG_ENABLE_MODULES = YES;
				CLANG_ENABLE_OBJC_ARC = YES;
				CLANG_ENABLE_OBJC_WEAK = YES;
				CLANG_WARN_BLOCK_CAPTURE_AUTORELEASING = YES;
				CLANG_WARN_BOOL_CONVERSION = YES;
				CLANG_WARN_COMMA = YES;
				CLANG_WARN_CONSTANT_CONVERSION = YES;
				CLANG_WARN_DEPRECATED_OBJC_IMPLEMENTATIONS = YES;
				CLANG_WARN_DIRECT_OBJC_ISA_USAGE = YES_ERROR;
				CLANG_WARN_DOCUMENTATION_COMMENTS = YES;
				CLANG_WARN_EMPTY_BODY = YES;
				CLANG_WARN_ENUM_CONVERSION = YES;
				CLANG_WARN_INFINITE_RECURSION = YES;
				CLANG_WARN_INT_CONVERSION = YES;
				CLANG_WARN_NON_LITERAL_NULL_CONVERSION = YES;
				CLANG_WARN_OBJC_IMPLICIT_RETAIN_SELF = YES;
				CLANG_WARN_OBJC_LITERAL_CONVERSION = YES;
				CLANG_WARN_OBJC_ROOT_CLASS = YES_ERROR;
				CLANG_WARN_RANGE_LOOP_ANALYSIS = YES;
				CLANG_WARN_STRICT_PROTOTYPES = YES;
				CLANG_WARN_SUSPICIOUS_MOVE = YES;
				CLANG_WARN_UNGUARDED_AVAILABILITY = YES_AGGRESSIVE;
				CLANG_WARN_UNREACHABLE_CODE = YES;
				CLANG_WARN__DUPLICATE_METHOD_MATCH = YES;
				CODE_SIGN_IDENTITY = "iPhone Developer";
				COPY_PHASE_STRIP = NO;
				DEBUG_INFORMATION_FORMAT = "dwarf-with-dsym";
				ENABLE_NS_ASSERTIONS = NO;
				ENABLE_STRICT_OBJC_MSGSEND = YES;
				GCC_C_LANGUAGE_STANDARD = gnu11;
				GCC_NO_COMMON_BLOCKS = YES;
				GCC_WARN_64_TO_32_BIT_CONVERSION = YES;
				GCC_WARN_ABOUT_RETURN_TYPE = YES_ERROR;
				GCC_WARN_UNDECLARED_SELECTOR = YES;
				GCC_WARN_UNINITIALIZED_AUTOS = YES_AGGRESSIVE;
				GCC_WARN_UNUSED_FUNCTION = YES;
				GCC_WARN_UNUSED_VARIABLE = YES;
				IPHONEOS_DEPLOYMENT_TARGET = 11.4;
				MTL_ENABLE_DEBUG_INFO = NO;
				SDKROOT = iphoneos;
				SWIFT_COMPILATION_MODE = wholemodule;
				SWIFT_OPTIMIZATION_LEVEL = "-O";
				VALIDATE_PRODUCT = YES;
			};
			name = Release;
		};
		07DC68302111D68B00472ABE /* Debug */ = {
			isa = XCBuildConfiguration;
			buildSettings = {
				ASSETCATALOG_COMPILER_APPICON_NAME = AppIcon;
				CODE_SIGN_STYLE = Automatic;
				DEVELOPMENT_TEAM = 756GR9XF46;
				INFOPLIST_FILE = "Test-App-SDKs/Info.plist";
				LD_RUNPATH_SEARCH_PATHS = (
					"$(inherited)",
					"@executable_path/Frameworks",
				);
				PRODUCT_BUNDLE_IDENTIFIER = "SOM.Test-App-SDKs";
				PRODUCT_NAME = "$(TARGET_NAME)";
				SWIFT_VERSION = 4.0;
				TARGETED_DEVICE_FAMILY = "1,2";
			};
			name = Debug;
		};
		07DC68312111D68B00472ABE /* Release */ = {
			isa = XCBuildConfiguration;
			buildSettings = {
				ASSETCATALOG_COMPILER_APPICON_NAME = AppIcon;
				CODE_SIGN_STYLE = Automatic;
				DEVELOPMENT_TEAM = 756GR9XF46;
				INFOPLIST_FILE = "Test-App-SDKs/Info.plist";
				LD_RUNPATH_SEARCH_PATHS = (
					"$(inherited)",
					"@executable_path/Frameworks",
				);
				PRODUCT_BUNDLE_IDENTIFIER = "SOM.Test-App-SDKs";
				PRODUCT_NAME = "$(TARGET_NAME)";
				SWIFT_VERSION = 4.0;
				TARGETED_DEVICE_FAMILY = "1,2";
			};
			name = Release;
		};
		07DC68332111D68B00472ABE /* Debug */ = {
			isa = XCBuildConfiguration;
			buildSettings = {
				ALWAYS_EMBED_SWIFT_STANDARD_LIBRARIES = YES;
				CODE_SIGN_STYLE = Automatic;
				INFOPLIST_FILE = "Test-App-SDKsUITests/Info.plist";
				LD_RUNPATH_SEARCH_PATHS = (
					"$(inherited)",
					"@executable_path/Frameworks",
					"@loader_path/Frameworks",
				);
				PRODUCT_BUNDLE_IDENTIFIER = "SOM.Test-App-SDKsUITests";
				PRODUCT_NAME = "$(TARGET_NAME)";
				SWIFT_VERSION = 4.0;
				TARGETED_DEVICE_FAMILY = "1,2";
				TEST_TARGET_NAME = "Test-App-SDKs";
			};
			name = Debug;
		};
		07DC68342111D68B00472ABE /* Release */ = {
			isa = XCBuildConfiguration;
			buildSettings = {
				ALWAYS_EMBED_SWIFT_STANDARD_LIBRARIES = YES;
				CODE_SIGN_STYLE = Automatic;
				INFOPLIST_FILE = "Test-App-SDKsUITests/Info.plist";
				LD_RUNPATH_SEARCH_PATHS = (
					"$(inherited)",
					"@executable_path/Frameworks",
					"@loader_path/Frameworks",
				);
				PRODUCT_BUNDLE_IDENTIFIER = "SOM.Test-App-SDKsUITests";
				PRODUCT_NAME = "$(TARGET_NAME)";
				SWIFT_VERSION = 4.0;
				TARGETED_DEVICE_FAMILY = "1,2";
				TEST_TARGET_NAME = "Test-App-SDKs";
			};
			name = Release;
		};
/* End XCBuildConfiguration section */

/* Begin XCConfigurationList section */
		07DC680D2111D68900472ABE /* Build configuration list for PBXProject "Test-App-SDKs" */ = {
			isa = XCConfigurationList;
			buildConfigurations = (
				07DC682D2111D68B00472ABE /* Debug */,
				07DC682E2111D68B00472ABE /* Release */,
			);
			defaultConfigurationIsVisible = 0;
			defaultConfigurationName = Release;
		};
		07DC682F2111D68B00472ABE /* Build configuration list for PBXNativeTarget "Test-App-SDKs" */ = {
			isa = XCConfigurationList;
			buildConfigurations = (
				07DC68302111D68B00472ABE /* Debug */,
				07DC68312111D68B00472ABE /* Release */,
			);
			defaultConfigurationIsVisible = 0;
			defaultConfigurationName = Release;
		};
		07DC68322111D68B00472ABE /* Build configuration list for PBXNativeTarget "Test-App-SDKsUITests" */ = {
			isa = XCConfigurationList;
			buildConfigurations = (
				07DC68332111D68B00472ABE /* Debug */,
				07DC68342111D68B00472ABE /* Release */,
			);
			defaultConfigurationIsVisible = 0;
			defaultConfigurationName = Release;
		};
/* End XCConfigurationList section */
	};
	rootObject = 07DC680A2111D68900472ABE /* Project object */;
}
